
Microsoft Visual Studio Solution File, Format Version 10.00
# Visual Studio 2008
Project("{8BC9CEB8-8B4A-11D0-8D11-00A0C91BC942}") = "单链表操作进阶", "单链表操作进阶\单链表操作进阶.vcproj", "{B60AE004-4696-4F14-8A44-9FDA31489A66}"
EndProject
Global
	GlobalSection(SolutionConfigurationPlatforms) = preSolution
		Debug|Win32 = Debug|Win32
		Release|Win32 = Release|Win32
	EndGlobalSection
	GlobalSection(ProjectConfigurationPlatforms) = postSolution
		{B60AE004-4696-4F14-8A44-9FDA31489A66}.Debug|Win32.ActiveCfg = Debug|Win32
		{B60AE004-4696-4F14-8A44-9FDA31489A66}.Debug|Win32.Build.0 = Debug|Win32
		{B60AE004-4696-4F14-8A44-9FDA31489A66}.Release|Win32.ActiveCfg = Release|Win32
		{B60AE004-4696-4F14-8A44-9FDA31489A66}.Release|Win32.Build.0 = Release|Win32
	EndGlobalSection
	GlobalSection(SolutionProperties) = preSolution
		HideSolutionNode = FALSE
	EndGlobalSection
EndGlobal
